
Microsoft Visual Studio Solution File, Format Version 12.00
# Visual Studio Version 16
VisualStudioVersion = 16.0.30907.101
MinimumVisualStudioVersion = 10.0.40219.1
Project("{FAE04EC0-301F-11D3-BF4B-00C04F79EFBC}") = "ReportConsoleApp", "ReportConsoleApp\ReportConsoleApp.csproj", "{30708042-1367-4690-AF22-EFE13DFC3635}"
EndProject
Global
	GlobalSection(SolutionConfigurationPlatforms) = preSolution
		Debug|Any CPU = Debug|Any CPU
		Release|Any CPU = Release|Any CPU
	EndGlobalSection
	GlobalSection(ProjectConfigurationPlatforms) = postSolution
		{30708042-1367-4690-AF22-EFE13DFC3635}.Debug|Any CPU.ActiveCfg = Debug|Any CPU
		{30708042-1367-4690-AF22-EFE13DFC3635}.Debug|Any CPU.Build.0 = Debug|Any CPU
		{30708042-1367-4690-AF22-EFE13DFC3635}.Release|Any CPU.ActiveCfg = Release|Any CPU
		{30708042-1367-4690-AF22-EFE13DFC3635}.Release|Any CPU.Build.0 = Release|Any CPU
	EndGlobalSection
	GlobalSection(SolutionProperties) = preSolution
		HideSolutionNode = FALSE
	EndGlobalSection
	GlobalSection(ExtensibilityGlobals) = postSolution
		SolutionGuid = {072FF838-E3C9-41EF-8E75-3E2986A3831B}
	EndGlobalSection
EndGlobal
